// !$*UTF8*$!
{
	archiveVersion = 1;
	classes = {
	};
	objectVersion = 50;
	objects = {

/* Begin PBXBuildFile section */
		FFEE750120E8B7710029A81F /* AppDelegate.swift in Sources */ = {isa = PBXBuildFile; fileRef = FFEE750020E8B7710029A81F /* AppDelegate.swift */; };
		FFEE750320E8B7710029A81F /* ViewController.swift in Sources */ = {isa = PBXBuildFile; fileRef = FFEE750220E8B7710029A81F /* ViewController.swift */; };
		FFEE750620E8B7710029A81F /* Main.storyboard in Resources */ = {isa = PBXBuildFile; fileRef = FFEE750420E8B7710029A81F /* Main.storyboard */; };
		FFEE750820E8B7730029A81F /* Assets.xcassets in Resources */ = {isa = PBXBuildFile; fileRef = FFEE750720E8B7730029A81F /* Assets.xcassets */; };
		FFEE750B20E8B7730029A81F /* LaunchScreen.storyboard in Resources */ = {isa = PBXBuildFile; fileRef = FFEE750920E8B7730029A81F /* LaunchScreen.storyboard */; };
		FFEE751620E8B7730029A81F /* TabViewDemoTests.swift in Sources */ = {isa = PBXBuildFile; fileRef = FFEE751520E8B7730029A81F /* TabViewDemoTests.swift */; };
		FFEE752120E8B7730029A81F /* TabViewDemoUITests.swift in Sources */ = {isa = PBXBuildFile; fileRef = FFEE752020E8B7730029A81F /* TabViewDemoUITests.swift */; };
/* End PBXBuildFile section */

/* Begin PBXContainerItemProxy section */
		FFEE751220E8B7730029A81F /* PBXContainerItemProxy */ = {
			isa = PBXContainerItemProxy;
			containerPortal = FFEE74F520E8B7710029A81F /* Project object */;
			proxyType = 1;
			remoteGlobalIDString = FFEE74FC20E8B7710029A81F;
			remoteInfo = TabViewDemo;
		};
		FFEE751D20E8B7730029A81F /* PBXContainerItemProxy */ = {
			isa = PBXContainerItemProxy;
			containerPortal = FFEE74F520E8B7710029A81F /* Project object */;
			proxyType = 1;
			remoteGlobalIDString = FFEE74FC20E8B7710029A81F;
			remoteInfo = TabViewDemo;
		};
/* End PBXContainerItemProxy section */

/* Begin PBXFileReference section */
		FFEE74FD20E8B7710029A81F /* TabViewDemo.app */ = {isa = PBXFileReference; explicitFileType = wrapper.application; includeInIndex = 0; path = TabViewDemo.app; sourceTree = BUILT_PRODUCTS_DIR; };
		FFEE750020E8B7710029A81F /* AppDelegate.swift */ = {isa = PBXFileReference; lastKnownFileType = sourcecode.swift; path = AppDelegate.swift; sourceTree = "<group>"; };
		FFEE750220E8B7710029A81F /* ViewController.swift */ = {isa = PBXFileReference; lastKnownFileType = sourcecode.swift; path = ViewController.swift; sourceTree = "<group>"; };
		FFEE750520E8B7710029A81F /* Base */ = {isa = PBXFileReference; lastKnownFileType = file.storyboard; name = Base; path = Base.lproj/Main.storyboard; sourceTree = "<group>"; };
		FFEE750720E8B7730029A81F /* Assets.xcassets */ = {isa = PBXFileReference; lastKnownFileType = folder.assetcatalog; path = Assets.xcassets; sourceTree = "<group>"; };
		FFEE750A20E8B7730029A81F /* Base */ = {isa = PBXFileReference; lastKnownFileType = file.storyboard; name = Base; path = Base.lproj/LaunchScreen.storyboard; sourceTree = "<group>"; };
		FFEE750C20E8B7730029A81F /* Info.plist */ = {isa = PBXFileReference; lastKnownFileType = text.plist.xml; path = Info.plist; sourceTree = "<group>"; };
		FFEE751120E8B7730029A81F /* TabViewDemoTests.xctest */ = {isa = PBXFileReference; explicitFileType = wrapper.cfbundle; includeInIndex = 0; path = TabViewDemoTests.xctest; sourceTree = BUILT_PRODUCTS_DIR; };
		FFEE751520E8B7730029A81F /* TabViewDemoTests.swift */ = {isa = PBXFileReference; lastKnownFileType = sourcecode.swift; path = TabViewDemoTests.swift; sourceTree = "<group>"; };
		FFEE751720E8B7730029A81F /* Info.plist */ = {isa = PBXFileReference; lastKnownFileType = text.plist.xml; path = Info.plist; sourceTree = "<group>"; };
		FFEE751C20E8B7730029A81F /* TabViewDemoUITests.xctest */ = {isa = PBXFileReference; explicitFileType = wrapper.cfbundle; includeInIndex = 0; path = TabViewDemoUITests.xctest; sourceTree = BUILT_PRODUCTS_DIR; };
		FFEE752020E8B7730029A81F /* TabViewDemoUITests.swift */ = {isa = PBXFileReference; lastKnownFileType = sourcecode.swift; path = TabViewDemoUITests.swift; sourceTree = "<group>"; };
		FFEE752220E8B7730029A81F /* Info.plist */ = {isa = PBXFileReference; lastKnownFileType = text.plist.xml; path = Info.plist; sourceTree = "<group>"; };
/* End PBXFileReference section */

/* Begin PBXFrameworksBuildPhase section */
		FFEE74FA20E8B7710029A81F /* Frameworks */ = {
			isa = PBXFrameworksBuildPhase;
			buildActionMask = 2147483647;
			files = (
			);
			runOnlyForDeploymentPostprocessing = 0;
		};
		FFEE750E20E8B7730029A81F /* Frameworks */ = {
			isa = PBXFrameworksBuildPhase;
			buildActionMask = 2147483647;
			files = (
			);
			runOnlyForDeploymentPostprocessing = 0;
		};
		FFEE751920E8B7730029A81F /* Frameworks */ = {
			isa = PBXFrameworksBuildPhase;
			buildActionMask = 2147483647;
			files = (
			);
			runOnlyForDeploymentPostprocessing = 0;
		};
/* End PBXFrameworksBuildPhase section */

/* Begin PBXGroup section */
		FFEE74F420E8B7710029A81F = {
			isa = PBXGroup;
			children = (
				FFEE74FF20E8B7710029A81F /* TabViewDemo */,
				FFEE751420E8B7730029A81F /* TabViewDemoTests */,
				FFEE751F20E8B7730029A81F /* TabViewDemoUITests */,
				FFEE74FE20E8B7710029A81F /* Products */,
			);
			sourceTree = "<group>";
		};
		FFEE74FE20E8B7710029A81F /* Products */ = {
			isa = PBXGroup;
			children = (
				FFEE74FD20E8B7710029A81F /* TabViewDemo.app */,
				FFEE751120E8B7730029A81F /* TabViewDemoTests.xctest */,
				FFEE751C20E8B7730029A81F /* TabViewDemoUITests.xctest */,
			);
			name = Products;
			sourceTree = "<group>";
		};
		FFEE74FF20E8B7710029A81F /* TabViewDemo */ = {
			isa = PBXGroup;
			children = (
				FFEE750020E8B7710029A81F /* AppDelegate.swift */,
				FFEE750220E8B7710029A81F /* ViewController.swift */,
				FFEE750420E8B7710029A81F /* Main.storyboard */,
				FFEE750720E8B7730029A81F /* Assets.xcassets */,
				FFEE750920E8B7730029A81F /* LaunchScreen.storyboard */,
				FFEE750C20E8B7730029A81F /* Info.plist */,
			);
			path = TabViewDemo;
			sourceTree = "<group>";
		};
		FFEE751420E8B7730029A81F /* TabViewDemoTests */ = {
			isa = PBXGroup;
			children = (
				FFEE751520E8B7730029A81F /* TabViewDemoTests.swift */,
				FFEE751720E8B7730029A81F /* Info.plist */,
			);
			path = TabViewDemoTests;
			sourceTree = "<group>";
		};
		FFEE751F20E8B7730029A81F /* TabViewDemoUITests */ = {
			isa = PBXGroup;
			children = (
				FFEE752020E8B7730029A81F /* TabViewDemoUITests.swift */,
				FFEE752220E8B7730029A81F /* Info.plist */,
			);
			path = TabViewDemoUITests;
			sourceTree = "<group>";
		};
/* End PBXGroup section */

/* Begin PBXNativeTarget section */
		FFEE74FC20E8B7710029A81F /* TabViewDemo */ = {
			isa = PBXNativeTarget;
			buildConfigurationList = FFEE752520E8B7730029A81F /* Build configuration list for PBXNativeTarget "TabViewDemo" */;
			buildPhases = (
				FFEE74F920E8B7710029A81F /* Sources */,
				FFEE74FA20E8B7710029A81F /* Frameworks */,
				FFEE74FB20E8B7710029A81F /* Resources */,
			);
			buildRules = (
			);
			dependencies = (
			);
			name = TabViewDemo;
			productName = TabViewDemo;
			productReference = FFEE74FD20E8B7710029A81F /* TabViewDemo.app */;
			productType = "com.apple.product-type.application";
		};
		FFEE751020E8B7730029A81F /* TabViewDemoTests */ = {
			isa = PBXNativeTarget;
			buildConfigurationList = FFEE752820E8B7730029A81F /* Build configuration list for PBXNativeTarget "TabViewDemoTests" */;
			buildPhases = (
				FFEE750D20E8B7730029A81F /* Sources */,
				FFEE750E20E8B7730029A81F /* Frameworks */,
				FFEE750F20E8B7730029A81F /* Resources */,
			);
			buildRules = (
			);
			dependencies = (
				FFEE751320E8B7730029A81F /* PBXTargetDependency */,
			);
			name = TabViewDemoTests;
			productName = TabViewDemoTests;
			productReference = FFEE751120E8B7730029A81F /* TabViewDemoTests.xctest */;
			productType = "com.apple.product-type.bundle.unit-test";
		};
		FFEE751B20E8B7730029A81F /* TabViewDemoUITests */ = {
			isa = PBXNativeTarget;
			buildConfigurationList = FFEE752B20E8B7730029A81F /* Build configuration list for PBXNativeTarget "TabViewDemoUITests" */;
			buildPhases = (
				FFEE751820E8B7730029A81F /* Sources */,
				FFEE751920E8B7730029A81F /* Frameworks */,
				FFEE751A20E8B7730029A81F /* Resources */,
			);
			buildRules = (
			);
			dependencies = (
				FFEE751E20E8B7730029A81F /* PBXTargetDependency */,
			);
			name = TabViewDemoUITests;
			productName = TabViewDemoUITests;
			productReference = FFEE751C20E8B7730029A81F /* TabViewDemoUITests.xctest */;
			productType = "com.apple.product-type.bundle.ui-testing";
		};
/* End PBXNativeTarget section */

/* Begin PBXProject section */
		FFEE74F520E8B7710029A81F /* Project object */ = {
			isa = PBXProject;
			attributes = {
				LastSwiftUpdateCheck = 0940;
				LastUpgradeCheck = 0940;
				ORGANIZATIONNAME = Kondya;
				TargetAttributes = {
					FFEE74FC20E8B7710029A81F = {
						CreatedOnToolsVersion = 9.4;
					};
					FFEE751020E8B7730029A81F = {
						CreatedOnToolsVersion = 9.4;
						TestTargetID = FFEE74FC20E8B7710029A81F;
					};
					FFEE751B20E8B7730029A81F = {
						CreatedOnToolsVersion = 9.4;
						TestTargetID = FFEE74FC20E8B7710029A81F;
					};
				};
			};
			buildConfigurationList = FFEE74F820E8B7710029A81F /* Build configuration list for PBXProject "TabViewDemo" */;
			compatibilityVersion = "Xcode 9.3";
			developmentRegion = en;
			hasScannedForEncodings = 0;
			knownRegions = (
				en,
				Base,
			);
			mainGroup = FFEE74F420E8B7710029A81F;
			productRefGroup = FFEE74FE20E8B7710029A81F /* Products */;
			projectDirPath = "";
			projectRoot = "";
			targets = (
				FFEE74FC20E8B7710029A81F /* TabViewDemo */,
				FFEE751020E8B7730029A81F /* TabViewDemoTests */,
				FFEE751B20E8B7730029A81F /* TabViewDemoUITests */,
			);
		};
/* End PBXProject section */

/* Begin PBXResourcesBuildPhase section */
		FFEE74FB20E8B7710029A81F /* Resources */ = {
			isa = PBXResourcesBuildPhase;
			buildActionMask = 2147483647;
			files = (
				FFEE750B20E8B7730029A81F /* LaunchScreen.storyboard in Resources */,
				FFEE750820E8B7730029A81F /* Assets.xcassets in Resources */,
				FFEE750620E8B7710029A81F /* Main.storyboard in Resources */,
			);
			runOnlyForDeploymentPostprocessing = 0;
		};
		FFEE750F20E8B7730029A81F /* Resources */ = {
			isa = PBXResourcesBuildPhase;
			buildActionMask = 2147483647;
			files = (
			);
			runOnlyForDeploymentPostprocessing = 0;
		};
		FFEE751A20E8B7730029A81F /* Resources */ = {
			isa = PBXResourcesBuildPhase;
			buildActionMask = 2147483647;
			files = (
			);
			runOnlyForDeploymentPostprocessing = 0;
		};
/* End PBXResourcesBuildPhase section */

/* Begin PBXSourcesBuildPhase section */
		FFEE74F920E8B7710029A81F /* Sources */ = {
			isa = PBXSourcesBuildPhase;
			buildActionMask = 2147483647;
			files = (
				FFEE750320E8B7710029A81F /* ViewController.swift in Sources */,
				FFEE750120E8B7710029A81F /* AppDelegate.swift in Sources */,
			);
			runOnlyForDeploymentPostprocessing = 0;
		};
		FFEE750D20E8B7730029A81F /* Sources */ = {
			isa = PBXSourcesBuildPhase;
			buildActionMask = 2147483647;
			files = (
				FFEE751620E8B7730029A81F /* TabViewDemoTests.swift in Sources */,
			);
			runOnlyForDeploymentPostprocessing = 0;
		};
		FFEE751820E8B7730029A81F /* Sources */ = {
			isa = PBXSourcesBuildPhase;
			buildActionMask = 2147483647;
			files = (
				FFEE752120E8B7730029A81F /* TabViewDemoUITests.swift in Sources */,
			);
			runOnlyForDeploymentPostprocessing = 0;
		};
/* End PBXSourcesBuildPhase section */

/* Begin PBXTargetDependency section */
		FFEE751320E8B7730029A81F /* PBXTargetDependency */ = {
			isa = PBXTargetDependency;
			target = FFEE74FC20E8B7710029A81F /* TabViewDemo */;
			targetProxy = FFEE751220E8B7730029A81F /* PBXContainerItemProxy */;
		};
		FFEE751E20E8B7730029A81F /* PBXTargetDependency */ = {
			isa = PBXTargetDependency;
			target = FFEE74FC20E8B7710029A81F /* TabViewDemo */;
			targetProxy = FFEE751D20E8B7730029A81F /* PBXContainerItemProxy */;
		};
/* End PBXTargetDependency section */

/* Begin PBXVariantGroup section */
		FFEE750420E8B7710029A81F /* Main.storyboard */ = {
			isa = PBXVariantGroup;
			children = (
				FFEE750520E8B7710029A81F /* Base */,
			);
			name = Main.storyboard;
			sourceTree = "<group>";
		};
		FFEE750920E8B7730029A81F /* LaunchScreen.storyboard */ = {
			isa = PBXVariantGroup;
			children = (
				FFEE750A20E8B7730029A81F /* Base */,
			);
			name = LaunchScreen.storyboard;
			sourceTree = "<group>";
		};
/* End PBXVariantGroup section */

/* Begin XCBuildConfiguration section */
		FFEE752320E8B7730029A81F /* Debug */ = {
			isa = XCBuildConfiguration;
			buildSettings = {
				ALWAYS_SEARCH_USER_PATHS = NO;
				CLANG_ANALYZER_NONNULL = YES;
				CLANG_ANALYZER_NUMBER_OBJECT_CONVERSION = YES_AGGRESSIVE;
				CLANG_CXX_LANGUAGE_STANDARD = "gnu++14";
				CLANG_CXX_LIBRARY = "libc++";
				CLANG_ENABLE_MODULES = YES;
				CLANG_ENABLE_OBJC_ARC = YES;
				CLANG_ENABLE_OBJC_WEAK = YES;
				CLANG_WARN_BLOCK_CAPTURE_AUTORELEASING = YES;
				CLANG_WARN_BOOL_CONVERSION = YES;
				CLANG_WARN_COMMA = YES;
				CLANG_WARN_CONSTANT_CONVERSION = YES;
				CLANG_WARN_DEPRECATED_OBJC_IMPLEMENTATIONS = YES;
				CLANG_WARN_DIRECT_OBJC_ISA_USAGE = YES_ERROR;
				CLANG_WARN_DOCUMENTATION_COMMENTS = YES;
				CLANG_WARN_EMPTY_BODY = YES;
				CLANG_WARN_ENUM_CONVERSION = YES;
				CLANG_WARN_INFINITE_RECURSION = YES;
				CLANG_WARN_INT_CONVERSION = YES;
				CLANG_WARN_NON_LITERAL_NULL_CONVERSION = YES;
				CLANG_WARN_OBJC_IMPLICIT_RETAIN_SELF = YES;
				CLANG_WARN_OBJC_LITERAL_CONVERSION = YES;
				CLANG_WARN_OBJC_ROOT_CLASS = YES_ERROR;
				CLANG_WARN_RANGE_LOOP_ANALYSIS = YES;
				CLANG_WARN_STRICT_PROTOTYPES = YES;
				CLANG_WARN_SUSPICIOUS_MOVE = YES;
				CLANG_WARN_UNGUARDED_AVAILABILITY = YES_AGGRESSIVE;
				CLANG_WARN_UNREACHABLE_CODE = YES;
				CLANG_WARN__DUPLICATE_METHOD_MATCH = YES;
				CODE_SIGN_IDENTITY = "iPhone Developer";
				COPY_PHASE_STRIP = NO;
				DEBUG_INFORMATION_FORMAT = dwarf;
				ENABLE_STRICT_OBJC_MSGSEND = YES;
				ENABLE_TESTABILITY = YES;
				GCC_C_LANGUAGE_STANDARD = gnu11;
				GCC_DYNAMIC_NO_PIC = NO;
				GCC_NO_COMMON_BLOCKS = YES;
				GCC_OPTIMIZATION_LEVEL = 0;
				GCC_PREPROCESSOR_DEFINITIONS = (
					"DEBUG=1",
					"$(inherited)",
				);
				GCC_WARN_64_TO_32_BIT_CONVERSION = YES;
				GCC_WARN_ABOUT_RETURN_TYPE = YES_ERROR;
				GCC_WARN_UNDECLARED_SELECTOR = YES;
				GCC_WARN_UNINITIALIZED_AUTOS = YES_AGGRESSIVE;
				GCC_WARN_UNUSED_FUNCTION = YES;
				GCC_WARN_UNUSED_VARIABLE = YES;
				IPHONEOS_DEPLOYMENT_TARGET = 11.4;
				MTL_ENABLE_DEBUG_INFO = YES;
				ONLY_ACTIVE_ARCH = YES;
				SDKROOT = iphoneos;
				SWIFT_ACTIVE_COMPILATION_CONDITIONS = DEBUG;
				SWIFT_OPTIMIZATION_LEVEL = "-Onone";
			};
			name = Debug;
		};
		FFEE752420E8B7730029A81F /* Release */ = {
			isa = XCBuildConfiguration;
			buildSettings = {
				ALWAYS_SEARCH_USER_PATHS = NO;
				CLANG_ANALYZER_NONNULL = YES;
				CLANG_ANALYZER_NUMBER_OBJECT_CONVERSION = YES_AGGRESSIVE;
				CLANG_CXX_LANGUAGE_STANDARD = "gnu++14";
				CLANG_CXX_LIBRARY = "libc++";
				CLANG_ENABLE_MODULES = YES;
				CLANG_ENABLE_OBJC_ARC = YES;
				CLANG_ENABLE_OBJC_WEAK = YES;
				CLANG_WARN_BLOCK_CAPTURE_AUTORELEASING = YES;
				CLANG_WARN_BOOL_CONVERSION = YES;
				CLANG_WARN_COMMA = YES;
				CLANG_WARN_CONSTANT_CONVERSION = YES;
				CLANG_WARN_DEPRECATED_OBJC_IMPLEMENTATIONS = YES;
				CLANG_WARN_DIRECT_OBJC_ISA_USAGE = YES_ERROR;
				CLANG_WARN_DOCUMENTATION_COMMENTS = YES;
				CLANG_WARN_EMPTY_BODY = YES;
				CLANG_WARN_ENUM_CONVERSION = YES;
				CLANG_WARN_INFINITE_RECURSION = YES;
				CLANG_WARN_INT_CONVERSION = YES;
				CLANG_WARN_NON_LITERAL_NULL_CONVERSION = YES;
				CLANG_WARN_OBJC_IMPLICIT_RETAIN_SELF = YES;
				CLANG_WARN_OBJC_LITERAL_CONVERSION = YES;
				CLANG_WARN_OBJC_ROOT_CLASS = YES_ERROR;
				CLANG_WARN_RANGE_LOOP_ANALYSIS = YES;
				CLANG_WARN_STRICT_PROTOTYPES = YES;
				CLANG_WARN_SUSPICIOUS_MOVE = YES;
				CLANG_WARN_UNGUARDED_AVAILABILITY = YES_AGGRESSIVE;
				CLANG_WARN_UNREACHABLE_CODE = YES;
				CLANG_WARN__DUPLICATE_METHOD_MATCH = YES;
				CODE_SIGN_IDENTITY = "iPhone Developer";
				COPY_PHASE_STRIP = NO;
				DEBUG_INFORMATION_FORMAT = "dwarf-with-dsym";
				ENABLE_NS_ASSERTIONS = NO;
				ENABLE_STRICT_OBJC_MSGSEND = YES;
				GCC_C_LANGUAGE_STANDARD = gnu11;
				GCC_NO_COMMON_BLOCKS = YES;
				GCC_WARN_64_TO_32_BIT_CONVERSION = YES;
				GCC_WARN_ABOUT_RETURN_TYPE = YES_ERROR;
				GCC_WARN_UNDECLARED_SELECTOR = YES;
				GCC_WARN_UNINITIALIZED_AUTOS = YES_AGGRESSIVE;
				GCC_WARN_UNUSED_FUNCTION = YES;
				GCC_WARN_UNUSED_VARIABLE = YES;
				IPHONEOS_DEPLOYMENT_TARGET = 11.4;
				MTL_ENABLE_DEBUG_INFO = NO;
				SDKROOT = iphoneos;
				SWIFT_COMPILATION_MODE = wholemodule;
				SWIFT_OPTIMIZATION_LEVEL = "-O";
				VALIDATE_PRODUCT = YES;
			};
			name = Release;
		};
		FFEE752620E8B7730029A81F /* Debug */ = {
			isa = XCBuildConfiguration;
			buildSettings = {
				ASSETCATALOG_COMPILER_APPICON_NAME = AppIcon;
				CODE_SIGN_STYLE = Automatic;
				INFOPLIST_FILE = TabViewDemo/Info.plist;
				LD_RUNPATH_SEARCH_PATHS = (
					"$(inherited)",
					"@executable_path/Frameworks",
				);
				PRODUCT_BUNDLE_IDENTIFIER = com.TabViewDemo;
				PRODUCT_NAME = "$(TARGET_NAME)";
				SWIFT_VERSION = 4.0;
				TARGETED_DEVICE_FAMILY = "1,2";
			};
			name = Debug;
		};
		FFEE752720E8B7730029A81F /* Release */ = {
			isa = XCBuildConfiguration;
			buildSettings = {
				ASSETCATALOG_COMPILER_APPICON_NAME = AppIcon;
				CODE_SIGN_STYLE = Automatic;
				INFOPLIST_FILE = TabViewDemo/Info.plist;
				LD_RUNPATH_SEARCH_PATHS = (
					"$(inherited)",
					"@executable_path/Frameworks",
				);
				PRODUCT_BUNDLE_IDENTIFIER = com.TabViewDemo;
				PRODUCT_NAME = "$(TARGET_NAME)";
				SWIFT_VERSION = 4.0;
				TARGETED_DEVICE_FAMILY = "1,2";
			};
			name = Release;
		};
		FFEE752920E8B7730029A81F /* Debug */ = {
			isa = XCBuildConfiguration;
			buildSettings = {
				ALWAYS_EMBED_SWIFT_STANDARD_LIBRARIES = YES;
				BUNDLE_LOADER = "$(TEST_HOST)";
				CODE_SIGN_STYLE = Automatic;
				INFOPLIST_FILE = TabViewDemoTests/Info.plist;
				LD_RUNPATH_SEARCH_PATHS = (
					"$(inherited)",
					"@executable_path/Frameworks",
					"@loader_path/Frameworks",
				);
				PRODUCT_BUNDLE_IDENTIFIER = com.TabViewDemoTests;
				PRODUCT_NAME = "$(TARGET_NAME)";
				SWIFT_VERSION = 4.0;
				TARGETED_DEVICE_FAMILY = "1,2";
				TEST_HOST = "$(BUILT_PRODUCTS_DIR)/TabViewDemo.app/TabViewDemo";
			};
			name = Debug;
		};
		FFEE752A20E8B7730029A81F /* Release */ = {
			isa = XCBuildConfiguration;
			buildSettings = {
				ALWAYS_EMBED_SWIFT_STANDARD_LIBRARIES = YES;
				BUNDLE_LOADER = "$(TEST_HOST)";
				CODE_SIGN_STYLE = Automatic;
				INFOPLIST_FILE = TabViewDemoTests/Info.plist;
				LD_RUNPATH_SEARCH_PATHS = (
					"$(inherited)",
					"@executable_path/Frameworks",
					"@loader_path/Frameworks",
				);
				PRODUCT_BUNDLE_IDENTIFIER = com.TabViewDemoTests;
				PRODUCT_NAME = "$(TARGET_NAME)";
				SWIFT_VERSION = 4.0;
				TARGETED_DEVICE_FAMILY = "1,2";
				TEST_HOST = "$(BUILT_PRODUCTS_DIR)/TabViewDemo.app/TabViewDemo";
			};
			name = Release;
		};
		FFEE752C20E8B7730029A81F /* Debug */ = {
			isa = XCBuildConfiguration;
			buildSettings = {
				ALWAYS_EMBED_SWIFT_STANDARD_LIBRARIES = YES;
				CODE_SIGN_STYLE = Automatic;
				INFOPLIST_FILE = TabViewDemoUITests/Info.plist;
				LD_RUNPATH_SEARCH_PATHS = (
					"$(inherited)",
					"@executable_path/Frameworks",
					"@loader_path/Frameworks",
				);
				PRODUCT_BUNDLE_IDENTIFIER = com.TabViewDemoUITests;
				PRODUCT_NAME = "$(TARGET_NAME)";
				SWIFT_VERSION = 4.0;
				TARGETED_DEVICE_FAMILY = "1,2";
				TEST_TARGET_NAME = TabViewDemo;
			};
			name = Debug;
		};
		FFEE752D20E8B7730029A81F /* Release */ = {
			isa = XCBuildConfiguration;
			buildSettings = {
				ALWAYS_EMBED_SWIFT_STANDARD_LIBRARIES = YES;
				CODE_SIGN_STYLE = Automatic;
				INFOPLIST_FILE = TabViewDemoUITests/Info.plist;
				LD_RUNPATH_SEARCH_PATHS = (
					"$(inherited)",
					"@executable_path/Frameworks",
					"@loader_path/Frameworks",
				);
				PRODUCT_BUNDLE_IDENTIFIER = com.TabViewDemoUITests;
				PRODUCT_NAME = "$(TARGET_NAME)";
				SWIFT_VERSION = 4.0;
				TARGETED_DEVICE_FAMILY = "1,2";
				TEST_TARGET_NAME = TabViewDemo;
			};
			name = Release;
		};
/* End XCBuildConfiguration section */

/* Begin XCConfigurationList section */
		FFEE74F820E8B7710029A81F /* Build configuration list for PBXProject "TabViewDemo" */ = {
			isa = XCConfigurationList;
			buildConfigurations = (
				FFEE752320E8B7730029A81F /* Debug */,
				FFEE752420E8B7730029A81F /* Release */,
			);
			defaultConfigurationIsVisible = 0;
			defaultConfigurationName = Release;
		};
		FFEE752520E8B7730029A81F /* Build configuration list for PBXNativeTarget "TabViewDemo" */ = {
			isa = XCConfigurationList;
			buildConfigurations = (
				FFEE752620E8B7730029A81F /* Debug */,
				FFEE752720E8B7730029A81F /* Release */,
			);
			defaultConfigurationIsVisible = 0;
			defaultConfigurationName = Release;
		};
		FFEE752820E8B7730029A81F /* Build configuration list for PBXNativeTarget "TabViewDemoTests" */ = {
			isa = XCConfigurationList;
			buildConfigurations = (
				FFEE752920E8B7730029A81F /* Debug */,
				FFEE752A20E8B7730029A81F /* Release */,
			);
			defaultConfigurationIsVisible = 0;
			defaultConfigurationName = Release;
		};
		FFEE752B20E8B7730029A81F /* Build configuration list for PBXNativeTarget "TabViewDemoUITests" */ = {
			isa = XCConfigurationList;
			buildConfigurations = (
				FFEE752C20E8B7730029A81F /* Debug */,
				FFEE752D20E8B7730029A81F /* Release */,
			);
			defaultConfigurationIsVisible = 0;
			defaultConfigurationName = Release;
		};
/* End XCConfigurationList section */
	};
	rootObject = FFEE74F520E8B7710029A81F /* Project object */;
}
